github.com/google/uuid v1.1.1 h1:Gkbcsh/GbpXz7lPftLA3P6TYMwjCLYm83jiFQZF/3gY=
github.com/google/uuid v1.1.1/go.mod h1:TIyPZe4MgqvfeYDBFedMoGGpEw/LqOeaOT+nhxU+yHo=
github.com/google/uuid v1.2.0 h1:qJYtXnJRWmpe7m/3XlyhrsLrEURqHRM2kxzoxXqyUDs=
github.com/google/uuid v1.2.0/go.mod h1:TIyPZe4MgqvfeYDBFedMoGGpEw/LqOeaOT+nhxU+yHo=
github.com/google/uuid v1.3.0 h1:t6JiXgmwXMjEs8VusXIJk2BXHsn+wx8BZdTaoZ5fu7I=
github.com/google/uuid v1.3.0/go.mod h1:TIyPZe4MgqvfeYDBFedMoGGpEw/LqOeaOT+nhxU+yHo=
github.com/gorilla/mux v1.7.3 h1:gnP5JzjVOuiZD07fKKToCAOjS0yOpj/qPETTXCCS6hw=
github.com/gorilla/mux v1.7.3/go.mod h1:1lud6UwP+6orDFRuTfBEV8e9/aOM/c4fVVCaMa2zaAs=
github.com/gorilla/mux v1.8.0 h1:i40aqfkR1h2SlN9hojwV5ZA91wcXFOvkdNIeFDP5koI=
github.com/gorilla/mux v1.8.0/go.mod h1:DVbg23sWSpFRCP0SfiEN6jmj59UnW/n46BH5rLB71So=
go.libelektra.org v0.0.0-20200214215340-d51fc6073e5d h1:XFsSSpwbXuiWGUCRyT2zMv4l0VdkmWR+p3s8G7lrmDA=
go.libelektra.org v0.0.0-20200214215340-d51fc6073e5d/go.mod h1:CIfEvRCFSp22m99NSN5btdGsu3ERuo2yv4blUd82AwQ=
go.libelektra.org v0.0.0-20200630103018-330ea4c6fc3e h1:UiVqJ2yhWOCLkRrPq5RV1hRCH32BVCAok8lDMCa1FKM=
go.libelektra.org v0.0.0-20200630103018-330ea4c6fc3e/go.mod h1:CIfEvRCFSp22m99NSN5btdGsu3ERuo2yv4blUd82AwQ=
go.libelektra.org v0.0.0-20210416152159-0b40417c1c25 h1:J1nkS7xErJccS8d/TvQzVW8E83Li2JBlvrvA4ATYUz8=
go.libelektra.org v0.0.0-20210416152159-0b40417c1c25/go.mod h1:CIfEvRCFSp22m99NSN5btdGsu3ERuo2yv4blUd82AwQ=
go.libelektra.org v0.0.0-20210713160219-0462a716b697 h1:ulkmoWVb/cDBto5WFAyHaeYpOKefCwYFsGevROsCNT8=
go.libelektra.org v0.0.0-20210713160219-0462a716b697/go.mod h1:CIfEvRCFSp22m99NSN5btdGsu3ERuo2yv4blUd82AwQ=
go.libelektra.org v0.0.0-20220529165759-8d7288960e91 h1:R71XIvalt0dcHvS8/adnmfN3z4ZgiXYWGK72Uk3J7ng=
go.libelektra.org v0.0.0-20220529165759-8d7288960e91/go.mod h1:CIfEvRCFSp22m99NSN5btdGsu3ERuo2yv4blUd82AwQ=