Microsoft Visual Studio Solution File, Format Version 9.00
# Visual Studio 2005
Project("{8BC9CEB8-8B4A-11D0-8D11-00A0C91BC942}") = "elektra", "elektra.vcproj", "{60D6BD9D-925A-4217-8604-C274F47B2251}"
EndProject
Project("{8BC9CEB8-8B4A-11D0-8D11-00A0C91BC942}") = "kdb", "kdb.vcproj", "{CB6E3790-CB9B-4AA6-BC23-055FF899CF8F}"
	ProjectSection(ProjectDependencies) = postProject
		{60D6BD9D-925A-4217-8604-C274F47B2251} = {60D6BD9D-925A-4217-8604-C274F47B2251}
	EndProjectSection
EndProject
Project("{8BC9CEB8-8B4A-11D0-8D11-00A0C91BC942}") = "winregistry", "winregistry.vcproj", "{C20C6727-75C2-4D6E-89CE-09D2E2EDB552}"
	ProjectSection(ProjectDependencies) = postProject
		{60D6BD9D-925A-4217-8604-C274F47B2251} = {60D6BD9D-925A-4217-8604-C274F47B2251}
	EndProjectSection
EndProject
Global
	GlobalSection(SolutionConfigurationPlatforms) = preSolution
		Debug|Win32 = Debug|Win32
		Release|Win32 = Release|Win32
	EndGlobalSection
	GlobalSection(ProjectConfigurationPlatforms) = postSolution
		{60D6BD9D-925A-4217-8604-C274F47B2251}.Debug|Win32.ActiveCfg = Debug|Win32
		{60D6BD9D-925A-4217-8604-C274F47B2251}.Debug|Win32.Build.0 = Debug|Win32
		{60D6BD9D-925A-4217-8604-C274F47B2251}.Release|Win32.ActiveCfg = Release|Win32
		{60D6BD9D-925A-4217-8604-C274F47B2251}.Release|Win32.Build.0 = Release|Win32
		{CB6E3790-CB9B-4AA6-BC23-055FF899CF8F}.Debug|Win32.ActiveCfg = Debug|Win32
		{CB6E3790-CB9B-4AA6-BC23-055FF899CF8F}.Release|Win32.ActiveCfg = Release|Win32
		{CB6E3790-CB9B-4AA6-BC23-055FF899CF8F}.Release|Win32.Build.0 = Release|Win32
		{BF99A3FE-A24B-4C9E-808F-FB296B0F2626}.Debug|Win32.ActiveCfg = Debug|Win32
		{BF99A3FE-A24B-4C9E-808F-FB296B0F2626}.Release|Win32.ActiveCfg = Release|Win32
		{BF99A3FE-A24B-4C9E-808F-FB296B0F2626}.Release|Win32.Build.0 = Release|Win32
		{C20C6727-75C2-4D6E-89CE-09D2E2EDB552}.Debug|Win32.ActiveCfg = Debug|Win32
		{C20C6727-75C2-4D6E-89CE-09D2E2EDB552}.Debug|Win32.Build.0 = Debug|Win32
		{C20C6727-75C2-4D6E-89CE-09D2E2EDB552}.Release|Win32.ActiveCfg = Release|Win32
		{C20C6727-75C2-4D6E-89CE-09D2E2EDB552}.Release|Win32.Build.0 = Release|Win32
	EndGlobalSection
	GlobalSection(SolutionProperties) = preSolution
		HideSolutionNode = FALSE
	EndGlobalSection
EndGlobal
